
Microsoft Visual Studio Solution File, Format Version 12.00
# Visual Studio Version 16
VisualStudioVersion = 16.0.31702.278
MinimumVisualStudioVersion = 10.0.40219.1
Project("{FAE04EC0-301F-11D3-BF4B-00C04F79EFBC}") = "R09622009TEChangAss06", "R09622009TEChangAss06\R09622009TEChangAss06.csproj", "{B6E872E3-8A56-49BA-BD43-37C43FC79EDE}"
EndProject
Global
	GlobalSection(SolutionConfigurationPlatforms) = preSolution
		Debug|Any CPU = Debug|Any CPU
		Release|Any CPU = Release|Any CPU
	EndGlobalSection
	GlobalSection(ProjectConfigurationPlatforms) = postSolution
		{B6E872E3-8A56-49BA-BD43-37C43FC79EDE}.Debug|Any CPU.ActiveCfg = Debug|Any CPU
		{B6E872E3-8A56-49BA-BD43-37C43FC79EDE}.Debug|Any CPU.Build.0 = Debug|Any CPU
		{B6E872E3-8A56-49BA-BD43-37C43FC79EDE}.Release|Any CPU.ActiveCfg = Release|Any CPU
		{B6E872E3-8A56-49BA-BD43-37C43FC79EDE}.Release|Any CPU.Build.0 = Release|Any CPU
	EndGlobalSection
	GlobalSection(SolutionProperties) = preSolution
		HideSolutionNode = FALSE
	EndGlobalSection
	GlobalSection(ExtensibilityGlobals) = postSolution
		SolutionGuid = {622D9FFE-5631-4F26-BD3B-A89339489C82}
	EndGlobalSection
EndGlobal
